
Microsoft Visual Studio Solution File, Format Version 12.00
# Visual Studio Version 17
VisualStudioVersion = 17.14.36518.9 d17.14
MinimumVisualStudioVersion = 10.0.40219.1
Project("{FAE04EC0-301F-11D3-BF4B-00C04F79EFBC}") = "Prueba G1", "Prueba G1\Prueba G1.csproj", "{BAC37773-F7DE-402E-BB58-1B628BDB6D2E}"
EndProject
Global
	GlobalSection(SolutionConfigurationPlatforms) = preSolution
		Debug|Any CPU = Debug|Any CPU
		Release|Any CPU = Release|Any CPU
	EndGlobalSection
	GlobalSection(ProjectConfigurationPlatforms) = postSolution
		{BAC37773-F7DE-402E-BB58-1B628BDB6D2E}.Debug|Any CPU.ActiveCfg = Debug|Any CPU
		{BAC37773-F7DE-402E-BB58-1B628BDB6D2E}.Debug|Any CPU.Build.0 = Debug|Any CPU
		{BAC37773-F7DE-402E-BB58-1B628BDB6D2E}.Release|Any CPU.ActiveCfg = Release|Any CPU
		{BAC37773-F7DE-402E-BB58-1B628BDB6D2E}.Release|Any CPU.Build.0 = Release|Any CPU
	EndGlobalSection
	GlobalSection(SolutionProperties) = preSolution
		HideSolutionNode = FALSE
	EndGlobalSection
	GlobalSection(ExtensibilityGlobals) = postSolution
		SolutionGuid = {5542DE37-921F-4741-9867-ED943C781016}
	EndGlobalSection
EndGlobal
